// !$*UTF8*$!
{
	archiveVersion = 1;
	classes = {
	};
	objectVersion = 50;
	objects = {

/* Begin PBXBuildFile section */
		2FE617FFF77511D522280675 /* Pods_SimpleTapApp.framework in Frameworks */ = {isa = PBXBuildFile; fileRef = B580F392A0CCCABA06234F74 /* Pods_SimpleTapApp.framework */; };
		5A3C49042119C9F900B9BC6F /* AppDelegate.swift in Sources */ = {isa = PBXBuildFile; fileRef = 5A3C49032119C9F900B9BC6F /* AppDelegate.swift */; };
		5A3C49062119C9F900B9BC6F /* CallBackViewController.swift in Sources */ = {isa = PBXBuildFile; fileRef = 5A3C49052119C9F900B9BC6F /* CallBackViewController.swift */; };
		5A3C49092119C9F900B9BC6F /* Main.storyboard in Resources */ = {isa = PBXBuildFile; fileRef = 5A3C49072119C9F900B9BC6F /* Main.storyboard */; };
		5A3C490B2119C9FA00B9BC6F /* Assets.xcassets in Resources */ = {isa = PBXBuildFile; fileRef = 5A3C490A2119C9FA00B9BC6F /* Assets.xcassets */; };
		5A3C490E2119C9FA00B9BC6F /* LaunchScreen.storyboard in Resources */ = {isa = PBXBuildFile; fileRef = 5A3C490C2119C9FA00B9BC6F /* LaunchScreen.storyboard */; };
		5A3C49162119E66400B9BC6F /* RxViewController.swift in Sources */ = {isa = PBXBuildFile; fileRef = 5A3C49152119E66400B9BC6F /* RxViewController.swift */; };
		5A3C4918211A050600B9BC6F /* DelegateViewController.swift in Sources */ = {isa = PBXBuildFile; fileRef = 5A3C4917211A050600B9BC6F /* DelegateViewController.swift */; };
		5AFD5594212EF7530039A2F4 /* SimpleTapViewController.swift in Sources */ = {isa = PBXBuildFile; fileRef = 5AFD5593212EF7530039A2F4 /* SimpleTapViewController.swift */; };
/* End PBXBuildFile section */

/* Begin PBXFileReference section */
		326155289FC23193078BE042 /* Pods-SimpleTapApp.release.xcconfig */ = {isa = PBXFileReference; includeInIndex = 1; lastKnownFileType = text.xcconfig; name = "Pods-SimpleTapApp.release.xcconfig"; path = "Pods/Target Support Files/Pods-SimpleTapApp/Pods-SimpleTapApp.release.xcconfig"; sourceTree = "<group>"; };
		5A3C49002119C9F900B9BC6F /* SimpleTapApp.app */ = {isa = PBXFileReference; explicitFileType = wrapper.application; includeInIndex = 0; path = SimpleTapApp.app; sourceTree = BUILT_PRODUCTS_DIR; };
		5A3C49032119C9F900B9BC6F /* AppDelegate.swift */ = {isa = PBXFileReference; lastKnownFileType = sourcecode.swift; path = AppDelegate.swift; sourceTree = "<group>"; };
		5A3C49052119C9F900B9BC6F /* CallBackViewController.swift */ = {isa = PBXFileReference; lastKnownFileType = sourcecode.swift; path = CallBackViewController.swift; sourceTree = "<group>"; };
		5A3C49082119C9F900B9BC6F /* Base */ = {isa = PBXFileReference; lastKnownFileType = file.storyboard; name = Base; path = Base.lproj/Main.storyboard; sourceTree = "<group>"; };
		5A3C490A2119C9FA00B9BC6F /* Assets.xcassets */ = {isa = PBXFileReference; lastKnownFileType = folder.assetcatalog; path = Assets.xcassets; sourceTree = "<group>"; };
		5A3C490D2119C9FA00B9BC6F /* Base */ = {isa = PBXFileReference; lastKnownFileType = file.storyboard; name = Base; path = Base.lproj/LaunchScreen.storyboard; sourceTree = "<group>"; };
		5A3C490F2119C9FA00B9BC6F /* Info.plist */ = {isa = PBXFileReference; lastKnownFileType = text.plist.xml; path = Info.plist; sourceTree = "<group>"; };
		5A3C49152119E66400B9BC6F /* RxViewController.swift */ = {isa = PBXFileReference; lastKnownFileType = sourcecode.swift; path = RxViewController.swift; sourceTree = "<group>"; };
		5A3C4917211A050600B9BC6F /* DelegateViewController.swift */ = {isa = PBXFileReference; lastKnownFileType = sourcecode.swift; path = DelegateViewController.swift; sourceTree = "<group>"; };
		5AFD5593212EF7530039A2F4 /* SimpleTapViewController.swift */ = {isa = PBXFileReference; lastKnownFileType = sourcecode.swift; path = SimpleTapViewController.swift; sourceTree = "<group>"; };
		B580F392A0CCCABA06234F74 /* Pods_SimpleTapApp.framework */ = {isa = PBXFileReference; explicitFileType = wrapper.framework; includeInIndex = 0; path = Pods_SimpleTapApp.framework; sourceTree = BUILT_PRODUCTS_DIR; };
		ED853E18D49271B9ABE151C8 /* Pods-SimpleTapApp.debug.xcconfig */ = {isa = PBXFileReference; includeInIndex = 1; lastKnownFileType = text.xcconfig; name = "Pods-SimpleTapApp.debug.xcconfig"; path = "Pods/Target Support Files/Pods-SimpleTapApp/Pods-SimpleTapApp.debug.xcconfig"; sourceTree = "<group>"; };
/* End PBXFileReference section */

/* Begin PBXFrameworksBuildPhase section */
		5A3C48FD2119C9F900B9BC6F /* Frameworks */ = {
			isa = PBXFrameworksBuildPhase;
			buildActionMask = 2147483647;
			files = (
				2FE617FFF77511D522280675 /* Pods_SimpleTapApp.framework in Frameworks */,
			);
			runOnlyForDeploymentPostprocessing = 0;
		};
/* End PBXFrameworksBuildPhase section */

/* Begin PBXGroup section */
		5A3C48F72119C9F900B9BC6F = {
			isa = PBXGroup;
			children = (
				5A3C49022119C9F900B9BC6F /* SimpleTapApp */,
				5A3C49012119C9F900B9BC6F /* Products */,
				B217599A700FB144A559003A /* Pods */,
				8F9267A551BD56A6611DCAC9 /* Frameworks */,
			);
			sourceTree = "<group>";
		};
		5A3C49012119C9F900B9BC6F /* Products */ = {
			isa = PBXGroup;
			children = (
				5A3C49002119C9F900B9BC6F /* SimpleTapApp.app */,
			);
			name = Products;
			sourceTree = "<group>";
		};
		5A3C49022119C9F900B9BC6F /* SimpleTapApp */ = {
			isa = PBXGroup;
			children = (
				5A3C49032119C9F900B9BC6F /* AppDelegate.swift */,
				5A3C49052119C9F900B9BC6F /* CallBackViewController.swift */,
				5A3C49152119E66400B9BC6F /* RxViewController.swift */,
				5A3C4917211A050600B9BC6F /* DelegateViewController.swift */,
				5AFD5593212EF7530039A2F4 /* SimpleTapViewController.swift */,
				5A3C49072119C9F900B9BC6F /* Main.storyboard */,
				5A3C490A2119C9FA00B9BC6F /* Assets.xcassets */,
				5A3C490C2119C9FA00B9BC6F /* LaunchScreen.storyboard */,
				5A3C490F2119C9FA00B9BC6F /* Info.plist */,
			);
			path = SimpleTapApp;
			sourceTree = "<group>";
		};
		8F9267A551BD56A6611DCAC9 /* Frameworks */ = {
			isa = PBXGroup;
			children = (
				B580F392A0CCCABA06234F74 /* Pods_SimpleTapApp.framework */,
			);
			name = Frameworks;
			sourceTree = "<group>";
		};
		B217599A700FB144A559003A /* Pods */ = {
			isa = PBXGroup;
			children = (
				ED853E18D49271B9ABE151C8 /* Pods-SimpleTapApp.debug.xcconfig */,
				326155289FC23193078BE042 /* Pods-SimpleTapApp.release.xcconfig */,
			);
			name = Pods;
			sourceTree = "<group>";
		};
/* End PBXGroup section */

/* Begin PBXNativeTarget section */
		5A3C48FF2119C9F900B9BC6F /* SimpleTapApp */ = {
			isa = PBXNativeTarget;
			buildConfigurationList = 5A3C49122119C9FA00B9BC6F /* Build configuration list for PBXNativeTarget "SimpleTapApp" */;
			buildPhases = (
				A8A7958BAD91FCF0B9E8E70A /* [CP] Check Pods Manifest.lock */,
				5A3C48FC2119C9F900B9BC6F /* Sources */,
				5A3C48FD2119C9F900B9BC6F /* Frameworks */,
				5A3C48FE2119C9F900B9BC6F /* Resources */,
				BFBD5F3F7F7D1C603E978B96 /* [CP] Embed Pods Frameworks */,
			);
			buildRules = (
			);
			dependencies = (
			);
			name = SimpleTapApp;
			productName = SimpleTapApp;
			productReference = 5A3C49002119C9F900B9BC6F /* SimpleTapApp.app */;
			productType = "com.apple.product-type.application";
		};
/* End PBXNativeTarget section */

/* Begin PBXProject section */
		5A3C48F82119C9F900B9BC6F /* Project object */ = {
			isa = PBXProject;
			attributes = {
				LastSwiftUpdateCheck = 0940;
				LastUpgradeCheck = 0940;
				ORGANIZATIONNAME = k0uhashi;
				TargetAttributes = {
					5A3C48FF2119C9F900B9BC6F = {
						CreatedOnToolsVersion = 9.4;
					};
				};
			};
			buildConfigurationList = 5A3C48FB2119C9F900B9BC6F /* Build configuration list for PBXProject "SimpleTapApp" */;
			compatibilityVersion = "Xcode 9.3";
			developmentRegion = en;
			hasScannedForEncodings = 0;
			knownRegions = (
				en,
				Base,
			);
			mainGroup = 5A3C48F72119C9F900B9BC6F;
			productRefGroup = 5A3C49012119C9F900B9BC6F /* Products */;
			projectDirPath = "";
			projectRoot = "";
			targets = (
				5A3C48FF2119C9F900B9BC6F /* SimpleTapApp */,
			);
		};
/* End PBXProject section */

/* Begin PBXResourcesBuildPhase section */
		5A3C48FE2119C9F900B9BC6F /* Resources */ = {
			isa = PBXResourcesBuildPhase;
			buildActionMask = 2147483647;
			files = (
				5A3C490E2119C9FA00B9BC6F /* LaunchScreen.storyboard in Resources */,
				5A3C490B2119C9FA00B9BC6F /* Assets.xcassets in Resources */,
				5A3C49092119C9F900B9BC6F /* Main.storyboard in Resources */,
			);
			runOnlyForDeploymentPostprocessing = 0;
		};
/* End PBXResourcesBuildPhase section */

/* Begin PBXShellScriptBuildPhase section */
		A8A7958BAD91FCF0B9E8E70A /* [CP] Check Pods Manifest.lock */ = {
			isa = PBXShellScriptBuildPhase;
			buildActionMask = 2147483647;
			files = (
			);
			inputPaths = (
				"${PODS_PODFILE_DIR_PATH}/Podfile.lock",
				"${PODS_ROOT}/Manifest.lock",
			);
			name = "[CP] Check Pods Manifest.lock";
			outputPaths = (
				"$(DERIVED_FILE_DIR)/Pods-SimpleTapApp-checkManifestLockResult.txt",
			);
			runOnlyForDeploymentPostprocessing = 0;
			shellPath = /bin/sh;
			shellScript = "diff \"${PODS_PODFILE_DIR_PATH}/Podfile.lock\" \"${PODS_ROOT}/Manifest.lock\" > /dev/null\nif [ $? != 0 ] ; then\n    # print error to STDERR\n    echo \"error: The sandbox is not in sync with the Podfile.lock. Run 'pod install' or update your CocoaPods installation.\" >&2\n    exit 1\nfi\n# This output is used by Xcode 'outputs' to avoid re-running this script phase.\necho \"SUCCESS\" > \"${SCRIPT_OUTPUT_FILE_0}\"\n";
			showEnvVarsInLog = 0;
		};
		BFBD5F3F7F7D1C603E978B96 /* [CP] Embed Pods Frameworks */ = {
			isa = PBXShellScriptBuildPhase;
			buildActionMask = 2147483647;
			files = (
			);
			inputPaths = (
				"${SRCROOT}/Pods/Target Support Files/Pods-SimpleTapApp/Pods-SimpleTapApp-frameworks.sh",
				"${BUILT_PRODUCTS_DIR}/RxCocoa/RxCocoa.framework",
				"${BUILT_PRODUCTS_DIR}/RxSwift/RxSwift.framework",
			);
			name = "[CP] Embed Pods Frameworks";
			outputPaths = (
				"${TARGET_BUILD_DIR}/${FRAMEWORKS_FOLDER_PATH}/RxCocoa.framework",
				"${TARGET_BUILD_DIR}/${FRAMEWORKS_FOLDER_PATH}/RxSwift.framework",
			);
			runOnlyForDeploymentPostprocessing = 0;
			shellPath = /bin/sh;
			shellScript = "\"${SRCROOT}/Pods/Target Support Files/Pods-SimpleTapApp/Pods-SimpleTapApp-frameworks.sh\"\n";
			showEnvVarsInLog = 0;
		};
/* End PBXShellScriptBuildPhase section */

/* Begin PBXSourcesBuildPhase section */
		5A3C48FC2119C9F900B9BC6F /* Sources */ = {
			isa = PBXSourcesBuildPhase;
			buildActionMask = 2147483647;
			files = (
				5A3C49062119C9F900B9BC6F /* CallBackViewController.swift in Sources */,
				5AFD5594212EF7530039A2F4 /* SimpleTapViewController.swift in Sources */,
				5A3C4918211A050600B9BC6F /* DelegateViewController.swift in Sources */,
				5A3C49042119C9F900B9BC6F /* AppDelegate.swift in Sources */,
				5A3C49162119E66400B9BC6F /* RxViewController.swift in Sources */,
			);
			runOnlyForDeploymentPostprocessing = 0;
		};
/* End PBXSourcesBuildPhase section */

/* Begin PBXVariantGroup section */
		5A3C49072119C9F900B9BC6F /* Main.storyboard */ = {
			isa = PBXVariantGroup;
			children = (
				5A3C49082119C9F900B9BC6F /* Base */,
			);
			name = Main.storyboard;
			sourceTree = "<group>";
		};
		5A3C490C2119C9FA00B9BC6F /* LaunchScreen.storyboard */ = {
			isa = PBXVariantGroup;
			children = (
				5A3C490D2119C9FA00B9BC6F /* Base */,
			);
			name = LaunchScreen.storyboard;
			sourceTree = "<group>";
		};
/* End PBXVariantGroup section */

/* Begin XCBuildConfiguration section */
		5A3C49102119C9FA00B9BC6F /* Debug */ = {
			isa = XCBuildConfiguration;
			buildSettings = {
				ALWAYS_SEARCH_USER_PATHS = NO;
				CLANG_ANALYZER_NONNULL = YES;
				CLANG_ANALYZER_NUMBER_OBJECT_CONVERSION = YES_AGGRESSIVE;
				CLANG_CXX_LANGUAGE_STANDARD = "gnu++14";
				CLANG_CXX_LIBRARY = "libc++";
				CLANG_ENABLE_MODULES = YES;
				CLANG_ENABLE_OBJC_ARC = YES;
				CLANG_ENABLE_OBJC_WEAK = YES;
				CLANG_WARN_BLOCK_CAPTURE_AUTORELEASING = YES;
				CLANG_WARN_BOOL_CONVERSION = YES;
				CLANG_WARN_COMMA = YES;
				CLANG_WARN_CONSTANT_CONVERSION = YES;
				CLANG_WARN_DEPRECATED_OBJC_IMPLEMENTATIONS = YES;
				CLANG_WARN_DIRECT_OBJC_ISA_USAGE = YES_ERROR;
				CLANG_WARN_DOCUMENTATION_COMMENTS = YES;
				CLANG_WARN_EMPTY_BODY = YES;
				CLANG_WARN_ENUM_CONVERSION = YES;
				CLANG_WARN_INFINITE_RECURSION = YES;
				CLANG_WARN_INT_CONVERSION = YES;
				CLANG_WARN_NON_LITERAL_NULL_CONVERSION = YES;
				CLANG_WARN_OBJC_IMPLICIT_RETAIN_SELF = YES;
				CLANG_WARN_OBJC_LITERAL_CONVERSION = YES;
				CLANG_WARN_OBJC_ROOT_CLASS = YES_ERROR;
				CLANG_WARN_RANGE_LOOP_ANALYSIS = YES;
				CLANG_WARN_STRICT_PROTOTYPES = YES;
				CLANG_WARN_SUSPICIOUS_MOVE = YES;
				CLANG_WARN_UNGUARDED_AVAILABILITY = YES_AGGRESSIVE;
				CLANG_WARN_UNREACHABLE_CODE = YES;
				CLANG_WARN__DUPLICATE_METHOD_MATCH = YES;
				CODE_SIGN_IDENTITY = "iPhone Developer";
				COPY_PHASE_STRIP = NO;
				DEBUG_INFORMATION_FORMAT = dwarf;
				ENABLE_STRICT_OBJC_MSGSEND = YES;
				ENABLE_TESTABILITY = YES;
				GCC_C_LANGUAGE_STANDARD = gnu11;
				GCC_DYNAMIC_NO_PIC = NO;
				GCC_NO_COMMON_BLOCKS = YES;
				GCC_OPTIMIZATION_LEVEL = 0;
				GCC_PREPROCESSOR_DEFINITIONS = (
					"DEBUG=1",
					"$(inherited)",
				);
				GCC_WARN_64_TO_32_BIT_CONVERSION = YES;
				GCC_WARN_ABOUT_RETURN_TYPE = YES_ERROR;
				GCC_WARN_UNDECLARED_SELECTOR = YES;
				GCC_WARN_UNINITIALIZED_AUTOS = YES_AGGRESSIVE;
				GCC_WARN_UNUSED_FUNCTION = YES;
				GCC_WARN_UNUSED_VARIABLE = YES;
				IPHONEOS_DEPLOYMENT_TARGET = 11.4;
				MTL_ENABLE_DEBUG_INFO = YES;
				ONLY_ACTIVE_ARCH = YES;
				SDKROOT = iphoneos;
				SWIFT_ACTIVE_COMPILATION_CONDITIONS = DEBUG;
				SWIFT_OPTIMIZATION_LEVEL = "-Onone";
			};
			name = Debug;
		};
		5A3C49112119C9FA00B9BC6F /* Release */ = {
			isa = XCBuildConfiguration;
			buildSettings = {
				ALWAYS_SEARCH_USER_PATHS = NO;
				CLANG_ANALYZER_NONNULL = YES;
				CLANG_ANALYZER_NUMBER_OBJECT_CONVERSION = YES_AGGRESSIVE;
				CLANG_CXX_LANGUAGE_STANDARD = "gnu++14";
				CLANG_CXX_LIBRARY = "libc++";
				CLANG_ENABLE_MODULES = YES;
				CLANG_ENABLE_OBJC_ARC = YES;
				CLANG_ENABLE_OBJC_WEAK = YES;
				CLANG_WARN_BLOCK_CAPTURE_AUTORELEASING = YES;
				CLANG_WARN_BOOL_CONVERSION = YES;
				CLANG_WARN_COMMA = YES;
				CLANG_WARN_CONSTANT_CONVERSION = YES;
				CLANG_WARN_DEPRECATED_OBJC_IMPLEMENTATIONS = YES;
				CLANG_WARN_DIRECT_OBJC_ISA_USAGE = YES_ERROR;
				CLANG_WARN_DOCUMENTATION_COMMENTS = YES;
				CLANG_WARN_EMPTY_BODY = YES;
				CLANG_WARN_ENUM_CONVERSION = YES;
				CLANG_WARN_INFINITE_RECURSION = YES;
				CLANG_WARN_INT_CONVERSION = YES;
				CLANG_WARN_NON_LITERAL_NULL_CONVERSION = YES;
				CLANG_WARN_OBJC_IMPLICIT_RETAIN_SELF = YES;
				CLANG_WARN_OBJC_LITERAL_CONVERSION = YES;
				CLANG_WARN_OBJC_ROOT_CLASS = YES_ERROR;
				CLANG_WARN_RANGE_LOOP_ANALYSIS = YES;
				CLANG_WARN_STRICT_PROTOTYPES = YES;
				CLANG_WARN_SUSPICIOUS_MOVE = YES;
				CLANG_WARN_UNGUARDED_AVAILABILITY = YES_AGGRESSIVE;
				CLANG_WARN_UNREACHABLE_CODE = YES;
				CLANG_WARN__DUPLICATE_METHOD_MATCH = YES;
				CODE_SIGN_IDENTITY = "iPhone Developer";
				COPY_PHASE_STRIP = NO;
				DEBUG_INFORMATION_FORMAT = "dwarf-with-dsym";
				ENABLE_NS_ASSERTIONS = NO;
				ENABLE_STRICT_OBJC_MSGSEND = YES;
				GCC_C_LANGUAGE_STANDARD = gnu11;
				GCC_NO_COMMON_BLOCKS = YES;
				GCC_WARN_64_TO_32_BIT_CONVERSION = YES;
				GCC_WARN_ABOUT_RETURN_TYPE = YES_ERROR;
				GCC_WARN_UNDECLARED_SELECTOR = YES;
				GCC_WARN_UNINITIALIZED_AUTOS = YES_AGGRESSIVE;
				GCC_WARN_UNUSED_FUNCTION = YES;
				GCC_WARN_UNUSED_VARIABLE = YES;
				IPHONEOS_DEPLOYMENT_TARGET = 11.4;
				MTL_ENABLE_DEBUG_INFO = NO;
				SDKROOT = iphoneos;
				SWIFT_COMPILATION_MODE = wholemodule;
				SWIFT_OPTIMIZATION_LEVEL = "-O";
				VALIDATE_PRODUCT = YES;
			};
			name = Release;
		};
		5A3C49132119C9FA00B9BC6F /* Debug */ = {
			isa = XCBuildConfiguration;
			baseConfigurationReference = ED853E18D49271B9ABE151C8 /* Pods-SimpleTapApp.debug.xcconfig */;
			buildSettings = {
				ASSETCATALOG_COMPILER_APPICON_NAME = AppIcon;
				CODE_SIGN_STYLE = Automatic;
				DEVELOPMENT_TEAM = 9PHSZKL64F;
				INFOPLIST_FILE = SimpleTapApp/Info.plist;
				LD_RUNPATH_SEARCH_PATHS = (
					"$(inherited)",
					"@executable_path/Frameworks",
				);
				PRODUCT_BUNDLE_IDENTIFIER = com.k0uhashi.SimpleTapApp;
				PRODUCT_NAME = "$(TARGET_NAME)";
				SWIFT_VERSION = 4.0;
				TARGETED_DEVICE_FAMILY = "1,2";
			};
			name = Debug;
		};
		5A3C49142119C9FA00B9BC6F /* Release */ = {
			isa = XCBuildConfiguration;
			baseConfigurationReference = 326155289FC23193078BE042 /* Pods-SimpleTapApp.release.xcconfig */;
			buildSettings = {
				ASSETCATALOG_COMPILER_APPICON_NAME = AppIcon;
				CODE_SIGN_STYLE = Automatic;
				DEVELOPMENT_TEAM = 9PHSZKL64F;
				INFOPLIST_FILE = SimpleTapApp/Info.plist;
				LD_RUNPATH_SEARCH_PATHS = (
					"$(inherited)",
					"@executable_path/Frameworks",
				);
				PRODUCT_BUNDLE_IDENTIFIER = com.k0uhashi.SimpleTapApp;
				PRODUCT_NAME = "$(TARGET_NAME)";
				SWIFT_VERSION = 4.0;
				TARGETED_DEVICE_FAMILY = "1,2";
			};
			name = Release;
		};
/* End XCBuildConfiguration section */

/* Begin XCConfigurationList section */
		5A3C48FB2119C9F900B9BC6F /* Build configuration list for PBXProject "SimpleTapApp" */ = {
			isa = XCConfigurationList;
			buildConfigurations = (
				5A3C49102119C9FA00B9BC6F /* Debug */,
				5A3C49112119C9FA00B9BC6F /* Release */,
			);
			defaultConfigurationIsVisible = 0;
			defaultConfigurationName = Release;
		};
		5A3C49122119C9FA00B9BC6F /* Build configuration list for PBXNativeTarget "SimpleTapApp" */ = {
			isa = XCConfigurationList;
			buildConfigurations = (
				5A3C49132119C9FA00B9BC6F /* Debug */,
				5A3C49142119C9FA00B9BC6F /* Release */,
			);
			defaultConfigurationIsVisible = 0;
			defaultConfigurationName = Release;
		};
/* End XCConfigurationList section */
	};
	rootObject = 5A3C48F82119C9F900B9BC6F /* Project object */;
}
